
Microsoft Visual Studio Solution File, Format Version 12.00
# Visual Studio Version 16
VisualStudioVersion = 16.0.29418.71
MinimumVisualStudioVersion = 10.0.40219.1
Project("{FAE04EC0-301F-11D3-BF4B-00C04F79EFBC}") = "MeatsStore_ CSharp 03122019", "MeatsStore_ CSharp 03122019\MeatsStore_ CSharp 03122019.csproj", "{709B4705-28DD-4A8A-A896-0217CDD0E366}"
EndProject
Project("{FAE04EC0-301F-11D3-BF4B-00C04F79EFBC}") = "Database", "Database\Database.csproj", "{8777FEA8-8F4F-4272-BE71-6329E456110D}"
EndProject
Global
	GlobalSection(SolutionConfigurationPlatforms) = preSolution
		Debug|Any CPU = Debug|Any CPU
		Release|Any CPU = Release|Any CPU
	EndGlobalSection
	GlobalSection(ProjectConfigurationPlatforms) = postSolution
		{709B4705-28DD-4A8A-A896-0217CDD0E366}.Debug|Any CPU.ActiveCfg = Debug|Any CPU
		{709B4705-28DD-4A8A-A896-0217CDD0E366}.Debug|Any CPU.Build.0 = Debug|Any CPU
		{709B4705-28DD-4A8A-A896-0217CDD0E366}.Release|Any CPU.ActiveCfg = Release|Any CPU
		{709B4705-28DD-4A8A-A896-0217CDD0E366}.Release|Any CPU.Build.0 = Release|Any CPU
		{8777FEA8-8F4F-4272-BE71-6329E456110D}.Debug|Any CPU.ActiveCfg = Debug|Any CPU
		{8777FEA8-8F4F-4272-BE71-6329E456110D}.Debug|Any CPU.Build.0 = Debug|Any CPU
		{8777FEA8-8F4F-4272-BE71-6329E456110D}.Release|Any CPU.ActiveCfg = Release|Any CPU
		{8777FEA8-8F4F-4272-BE71-6329E456110D}.Release|Any CPU.Build.0 = Release|Any CPU
	EndGlobalSection
	GlobalSection(SolutionProperties) = preSolution
		HideSolutionNode = FALSE
	EndGlobalSection
	GlobalSection(ExtensibilityGlobals) = postSolution
		SolutionGuid = {27300CBC-C486-45E0-9334-24E47B98A4B4}
	EndGlobalSection
EndGlobal
