
Microsoft Visual Studio Solution File, Format Version 12.00
# Visual Studio Version 16
VisualStudioVersion = 16.0.30011.22
MinimumVisualStudioVersion = 10.0.40219.1
Project("{FAE04EC0-301F-11D3-BF4B-00C04F79EFBC}") = "LandLyst", "LandLyst\LandLyst.csproj", "{6823A789-0C48-4B0B-BDFD-CBD098E3C336}"
EndProject
Global
	GlobalSection(SolutionConfigurationPlatforms) = preSolution
		Debug|Any CPU = Debug|Any CPU
		Release|Any CPU = Release|Any CPU
	EndGlobalSection
	GlobalSection(ProjectConfigurationPlatforms) = postSolution
		{6823A789-0C48-4B0B-BDFD-CBD098E3C336}.Debug|Any CPU.ActiveCfg = Debug|Any CPU
		{6823A789-0C48-4B0B-BDFD-CBD098E3C336}.Debug|Any CPU.Build.0 = Debug|Any CPU
		{6823A789-0C48-4B0B-BDFD-CBD098E3C336}.Release|Any CPU.ActiveCfg = Release|Any CPU
		{6823A789-0C48-4B0B-BDFD-CBD098E3C336}.Release|Any CPU.Build.0 = Release|Any CPU
	EndGlobalSection
	GlobalSection(SolutionProperties) = preSolution
		HideSolutionNode = FALSE
	EndGlobalSection
	GlobalSection(ExtensibilityGlobals) = postSolution
		SolutionGuid = {382AA448-C7D2-4ABD-9A9C-F90D517EBA59}
	EndGlobalSection
EndGlobal
